
Microsoft Visual Studio Solution File, Format Version 12.00
# Visual Studio 15
VisualStudioVersion = 15.0.28010.2036
MinimumVisualStudioVersion = 10.0.40219.1
Project("{FAE04EC0-301F-11D3-BF4B-00C04F79EFBC}") = "App1", "App1\App1.csproj", "{DCA1082B-9D15-48C4-AC4A-9C56C9D65D8A}"
EndProject
Global
	GlobalSection(SolutionConfigurationPlatforms) = preSolution
		Debug|ARM = Debug|ARM
		Debug|x64 = Debug|x64
		Debug|x86 = Debug|x86
		Release|ARM = Release|ARM
		Release|x64 = Release|x64
		Release|x86 = Release|x86
	EndGlobalSection
	GlobalSection(ProjectConfigurationPlatforms) = postSolution
		{DCA1082B-9D15-48C4-AC4A-9C56C9D65D8A}.Debug|ARM.ActiveCfg = Debug|ARM
		{DCA1082B-9D15-48C4-AC4A-9C56C9D65D8A}.Debug|ARM.Build.0 = Debug|ARM
		{DCA1082B-9D15-48C4-AC4A-9C56C9D65D8A}.Debug|ARM.Deploy.0 = Debug|ARM
		{DCA1082B-9D15-48C4-AC4A-9C56C9D65D8A}.Debug|x64.ActiveCfg = Debug|x64
		{DCA1082B-9D15-48C4-AC4A-9C56C9D65D8A}.Debug|x64.Build.0 = Debug|x64
		{DCA1082B-9D15-48C4-AC4A-9C56C9D65D8A}.Debug|x64.Deploy.0 = Debug|x64
		{DCA1082B-9D15-48C4-AC4A-9C56C9D65D8A}.Debug|x86.ActiveCfg = Debug|x86
		{DCA1082B-9D15-48C4-AC4A-9C56C9D65D8A}.Debug|x86.Build.0 = Debug|x86
		{DCA1082B-9D15-48C4-AC4A-9C56C9D65D8A}.Debug|x86.Deploy.0 = Debug|x86
		{DCA1082B-9D15-48C4-AC4A-9C56C9D65D8A}.Release|ARM.ActiveCfg = Release|ARM
		{DCA1082B-9D15-48C4-AC4A-9C56C9D65D8A}.Release|ARM.Build.0 = Release|ARM
		{DCA1082B-9D15-48C4-AC4A-9C56C9D65D8A}.Release|ARM.Deploy.0 = Release|ARM
		{DCA1082B-9D15-48C4-AC4A-9C56C9D65D8A}.Release|x64.ActiveCfg = Release|x64
		{DCA1082B-9D15-48C4-AC4A-9C56C9D65D8A}.Release|x64.Build.0 = Release|x64
		{DCA1082B-9D15-48C4-AC4A-9C56C9D65D8A}.Release|x64.Deploy.0 = Release|x64
		{DCA1082B-9D15-48C4-AC4A-9C56C9D65D8A}.Release|x86.ActiveCfg = Release|x86
		{DCA1082B-9D15-48C4-AC4A-9C56C9D65D8A}.Release|x86.Build.0 = Release|x86
		{DCA1082B-9D15-48C4-AC4A-9C56C9D65D8A}.Release|x86.Deploy.0 = Release|x86
	EndGlobalSection
	GlobalSection(SolutionProperties) = preSolution
		HideSolutionNode = FALSE
	EndGlobalSection
	GlobalSection(ExtensibilityGlobals) = postSolution
		SolutionGuid = {942022E5-4927-4794-B2D3-FE5B69707309}
	EndGlobalSection
EndGlobal
